
Microsoft Visual Studio Solution File, Format Version 12.00
# Visual Studio Version 17
VisualStudioVersion = 17.14.36408.4
MinimumVisualStudioVersion = 10.0.40219.1
Project("{FAE04EC0-301F-11D3-BF4B-00C04F79EFBC}") = "BookMeeting", "BookMeeting\BookMeeting.csproj", "{522142AD-33EC-4584-9F5A-9D50BF444174}"
EndProject
Project("{FAE04EC0-301F-11D3-BF4B-00C04F79EFBC}") = "WebPaymentGateway", "WebPaymentGateway\WebPaymentGateway.csproj", "{95C76A0A-DFD0-4614-A1EF-3FD8E16CAE41}"
EndProject
Project("{FAE04EC0-301F-11D3-BF4B-00C04F79EFBC}") = "DiscountCoupon", "DiscountCoupon\DiscountCoupon.csproj", "{2CEBEF3D-D7F4-409C-B958-A50FBA12EA17}"
EndProject
Project("{FAE04EC0-301F-11D3-BF4B-00C04F79EFBC}") = "PaymentReceipt", "PaymentReceipt\PaymentReceipt.csproj", "{8858D29F-24AD-404D-920B-69EBDB27D268}"
EndProject
Project("{FAE04EC0-301F-11D3-BF4B-00C04F79EFBC}") = "SplitBillAmongFriends", "SplitBillAmongFriends\SplitBillAmongFriends.csproj", "{47C4F7B0-98C3-4252-84B7-467F7B808C62}"
EndProject
Project("{FAE04EC0-301F-11D3-BF4B-00C04F79EFBC}") = "ParkingSystem", "ParkingSystem\ParkingSystem.csproj", "{F898FFBD-C79B-4195-A867-DCF9D564ED58}"
EndProject
Project("{FAE04EC0-301F-11D3-BF4B-00C04F79EFBC}") = "TrafficSignalManagement", "TrafficSignalManagement\TrafficSignalManagement.csproj", "{985A7087-735E-457F-9A53-CE639BFD6C5B}"
EndProject
Project("{FAE04EC0-301F-11D3-BF4B-00C04F79EFBC}") = "LibraryManagementSystem", "LibraryManagementSystem\LibraryManagementSystem.csproj", "{3B1518C6-EE80-46A7-8340-0AADBE3492A1}"
EndProject
Project("{FAE04EC0-301F-11D3-BF4B-00C04F79EFBC}") = "LRUCache", "LRUCache\LRUCache.csproj", "{69310547-19F0-4550-9F08-EC3AF1245F7A}"
EndProject
Project("{FAE04EC0-301F-11D3-BF4B-00C04F79EFBC}") = "RoundRobinSystem", "RoundRobinSystem\RoundRobinSystem.csproj", "{4C22728D-BE86-4D88-98FB-9555D3595B88}"
EndProject
Project("{FAE04EC0-301F-11D3-BF4B-00C04F79EFBC}") = "RuleEngine", "RuleEngine\RuleEngine.csproj", "{24C60A2F-C460-41A6-B079-007BE9F2BE42}"
EndProject
Project("{FAE04EC0-301F-11D3-BF4B-00C04F79EFBC}") = "DistibutedLogger", "DistibutedLogger\DistibutedLogger.csproj", "{70CE8753-78DF-4306-83FF-FCC6A5476A85}"
EndProject
Project("{FAE04EC0-301F-11D3-BF4B-00C04F79EFBC}") = "RateLimitter", "RateLimitter\RateLimitter.csproj", "{35003801-249B-4C54-B5F6-23F81785FD73}"
EndProject
Project("{FAE04EC0-301F-11D3-BF4B-00C04F79EFBC}") = "Bulkhead", "Bulkhead\Bulkhead.csproj", "{9001BB57-2EEF-48F2-9E85-7C7F749B66EE}"
EndProject
Project("{FAE04EC0-301F-11D3-BF4B-00C04F79EFBC}") = "RetrySystem", "RetrySystem\RetrySystem.csproj", "{D9BCF71E-B7BD-4FAC-A0A7-363E7C36CA42}"
EndProject
Project("{FAE04EC0-301F-11D3-BF4B-00C04F79EFBC}") = "ThrottlingAPI", "ThrottlingAPI\ThrottlingAPI.csproj", "{3A96E02E-6909-4B5D-894C-F457756F1F6A}"
EndProject
Project("{FAE04EC0-301F-11D3-BF4B-00C04F79EFBC}") = "ConcurrentCache", "ConcurrentCache\ConcurrentCache.csproj", "{B982030A-76A7-4C3E-85AB-C3413D8768A5}"
EndProject
Global
	GlobalSection(SolutionConfigurationPlatforms) = preSolution
		Debug|Any CPU = Debug|Any CPU
		Release|Any CPU = Release|Any CPU
	EndGlobalSection
	GlobalSection(ProjectConfigurationPlatforms) = postSolution
		{522142AD-33EC-4584-9F5A-9D50BF444174}.Debug|Any CPU.ActiveCfg = Debug|Any CPU
		{522142AD-33EC-4584-9F5A-9D50BF444174}.Debug|Any CPU.Build.0 = Debug|Any CPU
		{522142AD-33EC-4584-9F5A-9D50BF444174}.Release|Any CPU.ActiveCfg = Release|Any CPU
		{522142AD-33EC-4584-9F5A-9D50BF444174}.Release|Any CPU.Build.0 = Release|Any CPU
		{95C76A0A-DFD0-4614-A1EF-3FD8E16CAE41}.Debug|Any CPU.ActiveCfg = Debug|Any CPU
		{95C76A0A-DFD0-4614-A1EF-3FD8E16CAE41}.Debug|Any CPU.Build.0 = Debug|Any CPU
		{95C76A0A-DFD0-4614-A1EF-3FD8E16CAE41}.Release|Any CPU.ActiveCfg = Release|Any CPU
		{95C76A0A-DFD0-4614-A1EF-3FD8E16CAE41}.Release|Any CPU.Build.0 = Release|Any CPU
		{2CEBEF3D-D7F4-409C-B958-A50FBA12EA17}.Debug|Any CPU.ActiveCfg = Debug|Any CPU
		{2CEBEF3D-D7F4-409C-B958-A50FBA12EA17}.Debug|Any CPU.Build.0 = Debug|Any CPU
		{2CEBEF3D-D7F4-409C-B958-A50FBA12EA17}.Release|Any CPU.ActiveCfg = Release|Any CPU
		{2CEBEF3D-D7F4-409C-B958-A50FBA12EA17}.Release|Any CPU.Build.0 = Release|Any CPU
		{8858D29F-24AD-404D-920B-69EBDB27D268}.Debug|Any CPU.ActiveCfg = Debug|Any CPU
		{8858D29F-24AD-404D-920B-69EBDB27D268}.Debug|Any CPU.Build.0 = Debug|Any CPU
		{8858D29F-24AD-404D-920B-69EBDB27D268}.Release|Any CPU.ActiveCfg = Release|Any CPU
		{8858D29F-24AD-404D-920B-69EBDB27D268}.Release|Any CPU.Build.0 = Release|Any CPU
		{47C4F7B0-98C3-4252-84B7-467F7B808C62}.Debug|Any CPU.ActiveCfg = Debug|Any CPU
		{47C4F7B0-98C3-4252-84B7-467F7B808C62}.Debug|Any CPU.Build.0 = Debug|Any CPU
		{47C4F7B0-98C3-4252-84B7-467F7B808C62}.Release|Any CPU.ActiveCfg = Release|Any CPU
		{47C4F7B0-98C3-4252-84B7-467F7B808C62}.Release|Any CPU.Build.0 = Release|Any CPU
		{F898FFBD-C79B-4195-A867-DCF9D564ED58}.Debug|Any CPU.ActiveCfg = Debug|Any CPU
		{F898FFBD-C79B-4195-A867-DCF9D564ED58}.Debug|Any CPU.Build.0 = Debug|Any CPU
		{F898FFBD-C79B-4195-A867-DCF9D564ED58}.Release|Any CPU.ActiveCfg = Release|Any CPU
		{F898FFBD-C79B-4195-A867-DCF9D564ED58}.Release|Any CPU.Build.0 = Release|Any CPU
		{985A7087-735E-457F-9A53-CE639BFD6C5B}.Debug|Any CPU.ActiveCfg = Debug|Any CPU
		{985A7087-735E-457F-9A53-CE639BFD6C5B}.Debug|Any CPU.Build.0 = Debug|Any CPU
		{985A7087-735E-457F-9A53-CE639BFD6C5B}.Release|Any CPU.ActiveCfg = Release|Any CPU
		{985A7087-735E-457F-9A53-CE639BFD6C5B}.Release|Any CPU.Build.0 = Release|Any CPU
		{3B1518C6-EE80-46A7-8340-0AADBE3492A1}.Debug|Any CPU.ActiveCfg = Debug|Any CPU
		{3B1518C6-EE80-46A7-8340-0AADBE3492A1}.Debug|Any CPU.Build.0 = Debug|Any CPU
		{3B1518C6-EE80-46A7-8340-0AADBE3492A1}.Release|Any CPU.ActiveCfg = Release|Any CPU
		{3B1518C6-EE80-46A7-8340-0AADBE3492A1}.Release|Any CPU.Build.0 = Release|Any CPU
		{69310547-19F0-4550-9F08-EC3AF1245F7A}.Debug|Any CPU.ActiveCfg = Debug|Any CPU
		{69310547-19F0-4550-9F08-EC3AF1245F7A}.Debug|Any CPU.Build.0 = Debug|Any CPU
		{69310547-19F0-4550-9F08-EC3AF1245F7A}.Release|Any CPU.ActiveCfg = Release|Any CPU
		{69310547-19F0-4550-9F08-EC3AF1245F7A}.Release|Any CPU.Build.0 = Release|Any CPU
		{4C22728D-BE86-4D88-98FB-9555D3595B88}.Debug|Any CPU.ActiveCfg = Debug|Any CPU
		{4C22728D-BE86-4D88-98FB-9555D3595B88}.Debug|Any CPU.Build.0 = Debug|Any CPU
		{4C22728D-BE86-4D88-98FB-9555D3595B88}.Release|Any CPU.ActiveCfg = Release|Any CPU
		{4C22728D-BE86-4D88-98FB-9555D3595B88}.Release|Any CPU.Build.0 = Release|Any CPU
		{24C60A2F-C460-41A6-B079-007BE9F2BE42}.Debug|Any CPU.ActiveCfg = Debug|Any CPU
		{24C60A2F-C460-41A6-B079-007BE9F2BE42}.Debug|Any CPU.Build.0 = Debug|Any CPU
		{24C60A2F-C460-41A6-B079-007BE9F2BE42}.Release|Any CPU.ActiveCfg = Release|Any CPU
		{24C60A2F-C460-41A6-B079-007BE9F2BE42}.Release|Any CPU.Build.0 = Release|Any CPU
		{70CE8753-78DF-4306-83FF-FCC6A5476A85}.Debug|Any CPU.ActiveCfg = Debug|Any CPU
		{70CE8753-78DF-4306-83FF-FCC6A5476A85}.Debug|Any CPU.Build.0 = Debug|Any CPU
		{70CE8753-78DF-4306-83FF-FCC6A5476A85}.Release|Any CPU.ActiveCfg = Release|Any CPU
		{70CE8753-78DF-4306-83FF-FCC6A5476A85}.Release|Any CPU.Build.0 = Release|Any CPU
		{35003801-249B-4C54-B5F6-23F81785FD73}.Debug|Any CPU.ActiveCfg = Debug|Any CPU
		{35003801-249B-4C54-B5F6-23F81785FD73}.Debug|Any CPU.Build.0 = Debug|Any CPU
		{35003801-249B-4C54-B5F6-23F81785FD73}.Release|Any CPU.ActiveCfg = Release|Any CPU
		{35003801-249B-4C54-B5F6-23F81785FD73}.Release|Any CPU.Build.0 = Release|Any CPU
		{9001BB57-2EEF-48F2-9E85-7C7F749B66EE}.Debug|Any CPU.ActiveCfg = Debug|Any CPU
		{9001BB57-2EEF-48F2-9E85-7C7F749B66EE}.Debug|Any CPU.Build.0 = Debug|Any CPU
		{9001BB57-2EEF-48F2-9E85-7C7F749B66EE}.Release|Any CPU.ActiveCfg = Release|Any CPU
		{9001BB57-2EEF-48F2-9E85-7C7F749B66EE}.Release|Any CPU.Build.0 = Release|Any CPU
		{D9BCF71E-B7BD-4FAC-A0A7-363E7C36CA42}.Debug|Any CPU.ActiveCfg = Debug|Any CPU
		{D9BCF71E-B7BD-4FAC-A0A7-363E7C36CA42}.Debug|Any CPU.Build.0 = Debug|Any CPU
		{D9BCF71E-B7BD-4FAC-A0A7-363E7C36CA42}.Release|Any CPU.ActiveCfg = Release|Any CPU
		{D9BCF71E-B7BD-4FAC-A0A7-363E7C36CA42}.Release|Any CPU.Build.0 = Release|Any CPU
		{3A96E02E-6909-4B5D-894C-F457756F1F6A}.Debug|Any CPU.ActiveCfg = Debug|Any CPU
		{3A96E02E-6909-4B5D-894C-F457756F1F6A}.Debug|Any CPU.Build.0 = Debug|Any CPU
		{3A96E02E-6909-4B5D-894C-F457756F1F6A}.Release|Any CPU.ActiveCfg = Release|Any CPU
		{3A96E02E-6909-4B5D-894C-F457756F1F6A}.Release|Any CPU.Build.0 = Release|Any CPU
		{B982030A-76A7-4C3E-85AB-C3413D8768A5}.Debug|Any CPU.ActiveCfg = Debug|Any CPU
		{B982030A-76A7-4C3E-85AB-C3413D8768A5}.Debug|Any CPU.Build.0 = Debug|Any CPU
		{B982030A-76A7-4C3E-85AB-C3413D8768A5}.Release|Any CPU.ActiveCfg = Release|Any CPU
		{B982030A-76A7-4C3E-85AB-C3413D8768A5}.Release|Any CPU.Build.0 = Release|Any CPU
	EndGlobalSection
	GlobalSection(SolutionProperties) = preSolution
		HideSolutionNode = FALSE
	EndGlobalSection
	GlobalSection(ExtensibilityGlobals) = postSolution
		SolutionGuid = {37C68731-070B-4C24-AD21-D56074412E79}
	EndGlobalSection
EndGlobal
